
Microsoft Visual Studio Solution File, Format Version 12.00
# Visual Studio Version 17
VisualStudioVersion = 17.0.31903.59
MinimumVisualStudioVersion = 10.0.40219.1
Project("{FAE04EC0-301F-11D3-BF4B-00C04F79EFBC}") = "Firmeza.Web", "Firmeza.Web\Firmeza.Web.csproj", "{C2FA57FD-52BB-4ED4-846D-593C06449CFC}"
EndProject
Project("{FAE04EC0-301F-11D3-BF4B-00C04F79EFBC}") = "Firmeza.Web.Tests", "Firmeza.Web.Tests\Firmeza.Web.Tests.csproj", "{5C16DE1A-1B15-4F5E-BE72-4B6749538893}"
EndProject
Global
	GlobalSection(SolutionConfigurationPlatforms) = preSolution
		Debug|Any CPU = Debug|Any CPU
		Debug|x64 = Debug|x64
		Debug|x86 = Debug|x86
		Release|Any CPU = Release|Any CPU
		Release|x64 = Release|x64
		Release|x86 = Release|x86
	EndGlobalSection
	GlobalSection(ProjectConfigurationPlatforms) = postSolution
		{C2FA57FD-52BB-4ED4-846D-593C06449CFC}.Debug|Any CPU.ActiveCfg = Debug|Any CPU
		{C2FA57FD-52BB-4ED4-846D-593C06449CFC}.Debug|Any CPU.Build.0 = Debug|Any CPU
		{C2FA57FD-52BB-4ED4-846D-593C06449CFC}.Debug|x64.ActiveCfg = Debug|Any CPU
		{C2FA57FD-52BB-4ED4-846D-593C06449CFC}.Debug|x64.Build.0 = Debug|Any CPU
		{C2FA57FD-52BB-4ED4-846D-593C06449CFC}.Debug|x86.ActiveCfg = Debug|Any CPU
		{C2FA57FD-52BB-4ED4-846D-593C06449CFC}.Debug|x86.Build.0 = Debug|Any CPU
		{C2FA57FD-52BB-4ED4-846D-593C06449CFC}.Release|Any CPU.ActiveCfg = Release|Any CPU
		{C2FA57FD-52BB-4ED4-846D-593C06449CFC}.Release|Any CPU.Build.0 = Release|Any CPU
		{C2FA57FD-52BB-4ED4-846D-593C06449CFC}.Release|x64.ActiveCfg = Release|Any CPU
		{C2FA57FD-52BB-4ED4-846D-593C06449CFC}.Release|x64.Build.0 = Release|Any CPU
		{C2FA57FD-52BB-4ED4-846D-593C06449CFC}.Release|x86.ActiveCfg = Release|Any CPU
		{C2FA57FD-52BB-4ED4-846D-593C06449CFC}.Release|x86.Build.0 = Release|Any CPU
		{5C16DE1A-1B15-4F5E-BE72-4B6749538893}.Debug|Any CPU.ActiveCfg = Debug|Any CPU
		{5C16DE1A-1B15-4F5E-BE72-4B6749538893}.Debug|Any CPU.Build.0 = Debug|Any CPU
		{5C16DE1A-1B15-4F5E-BE72-4B6749538893}.Debug|x64.ActiveCfg = Debug|Any CPU
		{5C16DE1A-1B15-4F5E-BE72-4B6749538893}.Debug|x64.Build.0 = Debug|Any CPU
		{5C16DE1A-1B15-4F5E-BE72-4B6749538893}.Debug|x86.ActiveCfg = Debug|Any CPU
		{5C16DE1A-1B15-4F5E-BE72-4B6749538893}.Debug|x86.Build.0 = Debug|Any CPU
		{5C16DE1A-1B15-4F5E-BE72-4B6749538893}.Release|Any CPU.ActiveCfg = Release|Any CPU
		{5C16DE1A-1B15-4F5E-BE72-4B6749538893}.Release|Any CPU.Build.0 = Release|Any CPU
		{5C16DE1A-1B15-4F5E-BE72-4B6749538893}.Release|x64.ActiveCfg = Release|Any CPU
		{5C16DE1A-1B15-4F5E-BE72-4B6749538893}.Release|x64.Build.0 = Release|Any CPU
		{5C16DE1A-1B15-4F5E-BE72-4B6749538893}.Release|x86.ActiveCfg = Release|Any CPU
		{5C16DE1A-1B15-4F5E-BE72-4B6749538893}.Release|x86.Build.0 = Release|Any CPU
	EndGlobalSection
	GlobalSection(SolutionProperties) = preSolution
		HideSolutionNode = FALSE
	EndGlobalSection
EndGlobal
